// !$*UTF8*$!
{
	archiveVersion = 1;
	classes = {
	};
	objectVersion = 50;
	objects = {

/* Begin PBXBuildFile section */
		2D49709923D1535B0023B6AA /* Save.swift in Sources */ = {isa = PBXBuildFile; fileRef = 2D49709823D1535B0023B6AA /* Save.swift */; };
		2D49709B23D243600023B6AA /* Secrets.swift in Sources */ = {isa = PBXBuildFile; fileRef = 2D49709A23D243600023B6AA /* Secrets.swift */; };
		2D64286323CFAEDF005DAC01 /* Upload.swift in Sources */ = {isa = PBXBuildFile; fileRef = 2D64286223CFAEDF005DAC01 /* Upload.swift */; };
		2D64286623CFBB5F005DAC01 /* NewEntryView.swift in Sources */ = {isa = PBXBuildFile; fileRef = 2D64286523CFBB5F005DAC01 /* NewEntryView.swift */; };
		2D64286823CFC9B1005DAC01 /* Nutritionix.swift in Sources */ = {isa = PBXBuildFile; fileRef = 2D64286723CFC9B1005DAC01 /* Nutritionix.swift */; };
		2D64286A23D02825005DAC01 /* ImageView.swift in Sources */ = {isa = PBXBuildFile; fileRef = 2D64286923D02825005DAC01 /* ImageView.swift */; };
		2D64286C23D03664005DAC01 /* FoodEditingView.swift in Sources */ = {isa = PBXBuildFile; fileRef = 2D64286B23D03664005DAC01 /* FoodEditingView.swift */; };
		2D89E41B23CBF6D0003F738D /* MealSectionView.swift in Sources */ = {isa = PBXBuildFile; fileRef = 2D89E41A23CBF6D0003F738D /* MealSectionView.swift */; };
		2D8BEFC323CBDCB4007640F3 /* AppDelegate.swift in Sources */ = {isa = PBXBuildFile; fileRef = 2D8BEFC223CBDCB4007640F3 /* AppDelegate.swift */; };
		2D8BEFC523CBDCB4007640F3 /* SceneDelegate.swift in Sources */ = {isa = PBXBuildFile; fileRef = 2D8BEFC423CBDCB4007640F3 /* SceneDelegate.swift */; };
		2D8BEFC723CBDCB4007640F3 /* ContentView.swift in Sources */ = {isa = PBXBuildFile; fileRef = 2D8BEFC623CBDCB4007640F3 /* ContentView.swift */; };
		2D8BEFC923CBDCB6007640F3 /* Assets.xcassets in Resources */ = {isa = PBXBuildFile; fileRef = 2D8BEFC823CBDCB6007640F3 /* Assets.xcassets */; };
		2D8BEFCC23CBDCB6007640F3 /* Preview Assets.xcassets in Resources */ = {isa = PBXBuildFile; fileRef = 2D8BEFCB23CBDCB6007640F3 /* Preview Assets.xcassets */; };
		2D8BEFCF23CBDCB6007640F3 /* LaunchScreen.storyboard in Resources */ = {isa = PBXBuildFile; fileRef = 2D8BEFCD23CBDCB6007640F3 /* LaunchScreen.storyboard */; };
		2D8BEFDA23CBDD04007640F3 /* ForEach.swift in Sources */ = {isa = PBXBuildFile; fileRef = 2D8BEFD723CBDD04007640F3 /* ForEach.swift */; };
		2D8BEFDB23CBDD04007640F3 /* Binding.swift in Sources */ = {isa = PBXBuildFile; fileRef = 2D8BEFD823CBDD04007640F3 /* Binding.swift */; };
		2D8BEFDC23CBDD04007640F3 /* IndexedCollection.swift in Sources */ = {isa = PBXBuildFile; fileRef = 2D8BEFD923CBDD04007640F3 /* IndexedCollection.swift */; };
		2D8BEFDE23CBDDEB007640F3 /* NutritionixJSONResponse.swift in Sources */ = {isa = PBXBuildFile; fileRef = 2D8BEFDD23CBDDEB007640F3 /* NutritionixJSONResponse.swift */; };
		2D8BEFE123CBE929007640F3 /* Food.swift in Sources */ = {isa = PBXBuildFile; fileRef = 2D8BEFE023CBE929007640F3 /* Food.swift */; };
		2D8BEFE323CBEB03007640F3 /* FoodWrapper.swift in Sources */ = {isa = PBXBuildFile; fileRef = 2D8BEFE223CBEB03007640F3 /* FoodWrapper.swift */; };
		2D8BEFE523CBEC8B007640F3 /* FoodStore.swift in Sources */ = {isa = PBXBuildFile; fileRef = 2D8BEFE423CBEC8B007640F3 /* FoodStore.swift */; };
		2D8BEFE723CBECE6007640F3 /* Meal.swift in Sources */ = {isa = PBXBuildFile; fileRef = 2D8BEFE623CBECE6007640F3 /* Meal.swift */; };
		2D94314723D10AB80083E39B /* Optional.swift in Sources */ = {isa = PBXBuildFile; fileRef = 2D94314623D10AB80083E39B /* Optional.swift */; };
/* End PBXBuildFile section */

/* Begin PBXFileReference section */
		2D49709823D1535B0023B6AA /* Save.swift */ = {isa = PBXFileReference; lastKnownFileType = sourcecode.swift; path = Save.swift; sourceTree = "<group>"; };
		2D49709A23D243600023B6AA /* Secrets.swift */ = {isa = PBXFileReference; lastKnownFileType = sourcecode.swift; path = Secrets.swift; sourceTree = "<group>"; };
		2D64286223CFAEDF005DAC01 /* Upload.swift */ = {isa = PBXFileReference; lastKnownFileType = sourcecode.swift; path = Upload.swift; sourceTree = "<group>"; };
		2D64286523CFBB5F005DAC01 /* NewEntryView.swift */ = {isa = PBXFileReference; lastKnownFileType = sourcecode.swift; path = NewEntryView.swift; sourceTree = "<group>"; };
		2D64286723CFC9B1005DAC01 /* Nutritionix.swift */ = {isa = PBXFileReference; lastKnownFileType = sourcecode.swift; path = Nutritionix.swift; sourceTree = "<group>"; };
		2D64286923D02825005DAC01 /* ImageView.swift */ = {isa = PBXFileReference; lastKnownFileType = sourcecode.swift; path = ImageView.swift; sourceTree = "<group>"; };
		2D64286B23D03664005DAC01 /* FoodEditingView.swift */ = {isa = PBXFileReference; lastKnownFileType = sourcecode.swift; path = FoodEditingView.swift; sourceTree = "<group>"; };
		2D89E41A23CBF6D0003F738D /* MealSectionView.swift */ = {isa = PBXFileReference; lastKnownFileType = sourcecode.swift; path = MealSectionView.swift; sourceTree = "<group>"; };
		2D8BEFBF23CBDCB4007640F3 /* NutritionTracker.app */ = {isa = PBXFileReference; explicitFileType = wrapper.application; includeInIndex = 0; path = NutritionTracker.app; sourceTree = BUILT_PRODUCTS_DIR; };
		2D8BEFC223CBDCB4007640F3 /* AppDelegate.swift */ = {isa = PBXFileReference; lastKnownFileType = sourcecode.swift; path = AppDelegate.swift; sourceTree = "<group>"; };
		2D8BEFC423CBDCB4007640F3 /* SceneDelegate.swift */ = {isa = PBXFileReference; lastKnownFileType = sourcecode.swift; path = SceneDelegate.swift; sourceTree = "<group>"; };
		2D8BEFC623CBDCB4007640F3 /* ContentView.swift */ = {isa = PBXFileReference; lastKnownFileType = sourcecode.swift; path = ContentView.swift; sourceTree = "<group>"; };
		2D8BEFC823CBDCB6007640F3 /* Assets.xcassets */ = {isa = PBXFileReference; lastKnownFileType = folder.assetcatalog; path = Assets.xcassets; sourceTree = "<group>"; };
		2D8BEFCB23CBDCB6007640F3 /* Preview Assets.xcassets */ = {isa = PBXFileReference; lastKnownFileType = folder.assetcatalog; path = "Preview Assets.xcassets"; sourceTree = "<group>"; };
		2D8BEFCE23CBDCB6007640F3 /* Base */ = {isa = PBXFileReference; lastKnownFileType = file.storyboard; name = Base; path = Base.lproj/LaunchScreen.storyboard; sourceTree = "<group>"; };
		2D8BEFD023CBDCB6007640F3 /* Info.plist */ = {isa = PBXFileReference; lastKnownFileType = text.plist.xml; path = Info.plist; sourceTree = "<group>"; };
		2D8BEFD723CBDD04007640F3 /* ForEach.swift */ = {isa = PBXFileReference; fileEncoding = 4; lastKnownFileType = sourcecode.swift; path = ForEach.swift; sourceTree = "<group>"; };
		2D8BEFD823CBDD04007640F3 /* Binding.swift */ = {isa = PBXFileReference; fileEncoding = 4; lastKnownFileType = sourcecode.swift; path = Binding.swift; sourceTree = "<group>"; };
		2D8BEFD923CBDD04007640F3 /* IndexedCollection.swift */ = {isa = PBXFileReference; fileEncoding = 4; lastKnownFileType = sourcecode.swift; path = IndexedCollection.swift; sourceTree = "<group>"; };
		2D8BEFDD23CBDDEB007640F3 /* NutritionixJSONResponse.swift */ = {isa = PBXFileReference; lastKnownFileType = sourcecode.swift; path = NutritionixJSONResponse.swift; sourceTree = "<group>"; };
		2D8BEFE023CBE929007640F3 /* Food.swift */ = {isa = PBXFileReference; lastKnownFileType = sourcecode.swift; path = Food.swift; sourceTree = "<group>"; };
		2D8BEFE223CBEB03007640F3 /* FoodWrapper.swift */ = {isa = PBXFileReference; lastKnownFileType = sourcecode.swift; path = FoodWrapper.swift; sourceTree = "<group>"; };
		2D8BEFE423CBEC8B007640F3 /* FoodStore.swift */ = {isa = PBXFileReference; lastKnownFileType = sourcecode.swift; path = FoodStore.swift; sourceTree = "<group>"; };
		2D8BEFE623CBECE6007640F3 /* Meal.swift */ = {isa = PBXFileReference; lastKnownFileType = sourcecode.swift; path = Meal.swift; sourceTree = "<group>"; };
		2D94314623D10AB80083E39B /* Optional.swift */ = {isa = PBXFileReference; lastKnownFileType = sourcecode.swift; path = Optional.swift; sourceTree = "<group>"; };
/* End PBXFileReference section */

/* Begin PBXFrameworksBuildPhase section */
		2D8BEFBC23CBDCB4007640F3 /* Frameworks */ = {
			isa = PBXFrameworksBuildPhase;
			buildActionMask = 2147483647;
			files = (
			);
			runOnlyForDeploymentPostprocessing = 0;
		};
/* End PBXFrameworksBuildPhase section */

/* Begin PBXGroup section */
		2D64286423CFAEE4005DAC01 /* Helpers */ = {
			isa = PBXGroup;
			children = (
				2D64286223CFAEDF005DAC01 /* Upload.swift */,
				2D64286723CFC9B1005DAC01 /* Nutritionix.swift */,
				2D49709823D1535B0023B6AA /* Save.swift */,
				2D49709A23D243600023B6AA /* Secrets.swift */,
			);
			path = Helpers;
			sourceTree = "<group>";
		};
		2D8BEFB623CBDCB4007640F3 = {
			isa = PBXGroup;
			children = (
				2D8BEFD623CBDCE2007640F3 /* extension */,
				2D8BEFC123CBDCB4007640F3 /* NutritionTracker */,
				2D8BEFC023CBDCB4007640F3 /* Products */,
			);
			sourceTree = "<group>";
		};
		2D8BEFC023CBDCB4007640F3 /* Products */ = {
			isa = PBXGroup;
			children = (
				2D8BEFBF23CBDCB4007640F3 /* NutritionTracker.app */,
			);
			name = Products;
			sourceTree = "<group>";
		};
		2D8BEFC123CBDCB4007640F3 /* NutritionTracker */ = {
			isa = PBXGroup;
			children = (
				2D8BEFC223CBDCB4007640F3 /* AppDelegate.swift */,
				2D8BEFC423CBDCB4007640F3 /* SceneDelegate.swift */,
				2D8BEFE823CBEE02007640F3 /* Views */,
				2D8BEFC823CBDCB6007640F3 /* Assets.xcassets */,
				2D8BEFCD23CBDCB6007640F3 /* LaunchScreen.storyboard */,
				2D8BEFD023CBDCB6007640F3 /* Info.plist */,
				2D8BEFCA23CBDCB6007640F3 /* Preview Content */,
				2D8BEFDF23CBDDF3007640F3 /* Models */,
				2D64286423CFAEE4005DAC01 /* Helpers */,
			);
			path = NutritionTracker;
			sourceTree = "<group>";
		};
		2D8BEFCA23CBDCB6007640F3 /* Preview Content */ = {
			isa = PBXGroup;
			children = (
				2D8BEFCB23CBDCB6007640F3 /* Preview Assets.xcassets */,
			);
			path = "Preview Content";
			sourceTree = "<group>";
		};
		2D8BEFD623CBDCE2007640F3 /* extension */ = {
			isa = PBXGroup;
			children = (
				2D8BEFD823CBDD04007640F3 /* Binding.swift */,
				2D8BEFD723CBDD04007640F3 /* ForEach.swift */,
				2D8BEFD923CBDD04007640F3 /* IndexedCollection.swift */,
				2D94314623D10AB80083E39B /* Optional.swift */,
			);
			path = extension;
			sourceTree = "<group>";
		};
		2D8BEFDF23CBDDF3007640F3 /* Models */ = {
			isa = PBXGroup;
			children = (
				2D8BEFDD23CBDDEB007640F3 /* NutritionixJSONResponse.swift */,
				2D8BEFE023CBE929007640F3 /* Food.swift */,
				2D8BEFE223CBEB03007640F3 /* FoodWrapper.swift */,
				2D8BEFE623CBECE6007640F3 /* Meal.swift */,
				2D8BEFE423CBEC8B007640F3 /* FoodStore.swift */,
			);
			path = Models;
			sourceTree = "<group>";
		};
		2D8BEFE823CBEE02007640F3 /* Views */ = {
			isa = PBXGroup;
			children = (
				2D8BEFC623CBDCB4007640F3 /* ContentView.swift */,
				2D89E41A23CBF6D0003F738D /* MealSectionView.swift */,
				2D64286523CFBB5F005DAC01 /* NewEntryView.swift */,
				2D64286923D02825005DAC01 /* ImageView.swift */,
				2D64286B23D03664005DAC01 /* FoodEditingView.swift */,
			);
			path = Views;
			sourceTree = "<group>";
		};
/* End PBXGroup section */

/* Begin PBXNativeTarget section */
		2D8BEFBE23CBDCB4007640F3 /* NutritionTracker */ = {
			isa = PBXNativeTarget;
			buildConfigurationList = 2D8BEFD323CBDCB6007640F3 /* Build configuration list for PBXNativeTarget "NutritionTracker" */;
			buildPhases = (
				2D8BEFBB23CBDCB4007640F3 /* Sources */,
				2D8BEFBC23CBDCB4007640F3 /* Frameworks */,
				2D8BEFBD23CBDCB4007640F3 /* Resources */,
			);
			buildRules = (
			);
			dependencies = (
			);
			name = NutritionTracker;
			productName = NutritionTracker;
			productReference = 2D8BEFBF23CBDCB4007640F3 /* NutritionTracker.app */;
			productType = "com.apple.product-type.application";
		};
/* End PBXNativeTarget section */

/* Begin PBXProject section */
		2D8BEFB723CBDCB4007640F3 /* Project object */ = {
			isa = PBXProject;
			attributes = {
				LastSwiftUpdateCheck = 1120;
				LastUpgradeCheck = 1120;
				ORGANIZATIONNAME = "Paul Bitutsky";
				TargetAttributes = {
					2D8BEFBE23CBDCB4007640F3 = {
						CreatedOnToolsVersion = 11.2;
					};
				};
			};
			buildConfigurationList = 2D8BEFBA23CBDCB4007640F3 /* Build configuration list for PBXProject "NutritionTracker" */;
			compatibilityVersion = "Xcode 9.3";
			developmentRegion = en;
			hasScannedForEncodings = 0;
			knownRegions = (
				en,
				Base,
			);
			mainGroup = 2D8BEFB623CBDCB4007640F3;
			productRefGroup = 2D8BEFC023CBDCB4007640F3 /* Products */;
			projectDirPath = "";
			projectRoot = "";
			targets = (
				2D8BEFBE23CBDCB4007640F3 /* NutritionTracker */,
			);
		};
/* End PBXProject section */

/* Begin PBXResourcesBuildPhase section */
		2D8BEFBD23CBDCB4007640F3 /* Resources */ = {
			isa = PBXResourcesBuildPhase;
			buildActionMask = 2147483647;
			files = (
				2D8BEFCF23CBDCB6007640F3 /* LaunchScreen.storyboard in Resources */,
				2D8BEFCC23CBDCB6007640F3 /* Preview Assets.xcassets in Resources */,
				2D8BEFC923CBDCB6007640F3 /* Assets.xcassets in Resources */,
			);
			runOnlyForDeploymentPostprocessing = 0;
		};
/* End PBXResourcesBuildPhase section */

/* Begin PBXSourcesBuildPhase section */
		2D8BEFBB23CBDCB4007640F3 /* Sources */ = {
			isa = PBXSourcesBuildPhase;
			buildActionMask = 2147483647;
			files = (
				2D64286623CFBB5F005DAC01 /* NewEntryView.swift in Sources */,
				2D49709B23D243600023B6AA /* Secrets.swift in Sources */,
				2D64286823CFC9B1005DAC01 /* Nutritionix.swift in Sources */,
				2D8BEFDA23CBDD04007640F3 /* ForEach.swift in Sources */,
				2D8BEFDE23CBDDEB007640F3 /* NutritionixJSONResponse.swift in Sources */,
				2D8BEFC323CBDCB4007640F3 /* AppDelegate.swift in Sources */,
				2D8BEFE523CBEC8B007640F3 /* FoodStore.swift in Sources */,
				2D64286C23D03664005DAC01 /* FoodEditingView.swift in Sources */,
				2D89E41B23CBF6D0003F738D /* MealSectionView.swift in Sources */,
				2D8BEFE723CBECE6007640F3 /* Meal.swift in Sources */,
				2D64286A23D02825005DAC01 /* ImageView.swift in Sources */,
				2D8BEFC523CBDCB4007640F3 /* SceneDelegate.swift in Sources */,
				2D94314723D10AB80083E39B /* Optional.swift in Sources */,
				2D8BEFC723CBDCB4007640F3 /* ContentView.swift in Sources */,
				2D8BEFE323CBEB03007640F3 /* FoodWrapper.swift in Sources */,
				2D49709923D1535B0023B6AA /* Save.swift in Sources */,
				2D64286323CFAEDF005DAC01 /* Upload.swift in Sources */,
				2D8BEFE123CBE929007640F3 /* Food.swift in Sources */,
				2D8BEFDB23CBDD04007640F3 /* Binding.swift in Sources */,
				2D8BEFDC23CBDD04007640F3 /* IndexedCollection.swift in Sources */,
			);
			runOnlyForDeploymentPostprocessing = 0;
		};
/* End PBXSourcesBuildPhase section */

/* Begin PBXVariantGroup section */
		2D8BEFCD23CBDCB6007640F3 /* LaunchScreen.storyboard */ = {
			isa = PBXVariantGroup;
			children = (
				2D8BEFCE23CBDCB6007640F3 /* Base */,
			);
			name = LaunchScreen.storyboard;
			sourceTree = "<group>";
		};
/* End PBXVariantGroup section */

/* Begin XCBuildConfiguration section */
		2D8BEFD123CBDCB6007640F3 /* Debug */ = {
			isa = XCBuildConfiguration;
			buildSettings = {
				ALWAYS_SEARCH_USER_PATHS = NO;
				CLANG_ANALYZER_NONNULL = YES;
				CLANG_ANALYZER_NUMBER_OBJECT_CONVERSION = YES_AGGRESSIVE;
				CLANG_CXX_LANGUAGE_STANDARD = "gnu++14";
				CLANG_CXX_LIBRARY = "libc++";
				CLANG_ENABLE_MODULES = YES;
				CLANG_ENABLE_OBJC_ARC = YES;
				CLANG_ENABLE_OBJC_WEAK = YES;
				CLANG_WARN_BLOCK_CAPTURE_AUTORELEASING = YES;
				CLANG_WARN_BOOL_CONVERSION = YES;
				CLANG_WARN_COMMA = YES;
				CLANG_WARN_CONSTANT_CONVERSION = YES;
				CLANG_WARN_DEPRECATED_OBJC_IMPLEMENTATIONS = YES;
				CLANG_WARN_DIRECT_OBJC_ISA_USAGE = YES_ERROR;
				CLANG_WARN_DOCUMENTATION_COMMENTS = YES;
				CLANG_WARN_EMPTY_BODY = YES;
				CLANG_WARN_ENUM_CONVERSION = YES;
				CLANG_WARN_INFINITE_RECURSION = YES;
				CLANG_WARN_INT_CONVERSION = YES;
				CLANG_WARN_NON_LITERAL_NULL_CONVERSION = YES;
				CLANG_WARN_OBJC_IMPLICIT_RETAIN_SELF = YES;
				CLANG_WARN_OBJC_LITERAL_CONVERSION = YES;
				CLANG_WARN_OBJC_ROOT_CLASS = YES_ERROR;
				CLANG_WARN_RANGE_LOOP_ANALYSIS = YES;
				CLANG_WARN_STRICT_PROTOTYPES = YES;
				CLANG_WARN_SUSPICIOUS_MOVE = YES;
				CLANG_WARN_UNGUARDED_AVAILABILITY = YES_AGGRESSIVE;
				CLANG_WARN_UNREACHABLE_CODE = YES;
				CLANG_WARN__DUPLICATE_METHOD_MATCH = YES;
				COPY_PHASE_STRIP = NO;
				DEBUG_INFORMATION_FORMAT = dwarf;
				ENABLE_STRICT_OBJC_MSGSEND = YES;
				ENABLE_TESTABILITY = YES;
				GCC_C_LANGUAGE_STANDARD = gnu11;
				GCC_DYNAMIC_NO_PIC = NO;
				GCC_NO_COMMON_BLOCKS = YES;
				GCC_OPTIMIZATION_LEVEL = 0;
				GCC_PREPROCESSOR_DEFINITIONS = (
					"DEBUG=1",
					"$(inherited)",
				);
				GCC_WARN_64_TO_32_BIT_CONVERSION = YES;
				GCC_WARN_ABOUT_RETURN_TYPE = YES_ERROR;
				GCC_WARN_UNDECLARED_SELECTOR = YES;
				GCC_WARN_UNINITIALIZED_AUTOS = YES_AGGRESSIVE;
				GCC_WARN_UNUSED_FUNCTION = YES;
				GCC_WARN_UNUSED_VARIABLE = YES;
				IPHONEOS_DEPLOYMENT_TARGET = 13.2;
				MTL_ENABLE_DEBUG_INFO = INCLUDE_SOURCE;
				MTL_FAST_MATH = YES;
				ONLY_ACTIVE_ARCH = YES;
				SDKROOT = iphoneos;
				SWIFT_ACTIVE_COMPILATION_CONDITIONS = DEBUG;
				SWIFT_OPTIMIZATION_LEVEL = "-Onone";
			};
			name = Debug;
		};
		2D8BEFD223CBDCB6007640F3 /* Release */ = {
			isa = XCBuildConfiguration;
			buildSettings = {
				ALWAYS_SEARCH_USER_PATHS = NO;
				CLANG_ANALYZER_NONNULL = YES;
				CLANG_ANALYZER_NUMBER_OBJECT_CONVERSION = YES_AGGRESSIVE;
				CLANG_CXX_LANGUAGE_STANDARD = "gnu++14";
				CLANG_CXX_LIBRARY = "libc++";
				CLANG_ENABLE_MODULES = YES;
				CLANG_ENABLE_OBJC_ARC = YES;
				CLANG_ENABLE_OBJC_WEAK = YES;
				CLANG_WARN_BLOCK_CAPTURE_AUTORELEASING = YES;
				CLANG_WARN_BOOL_CONVERSION = YES;
				CLANG_WARN_COMMA = YES;
				CLANG_WARN_CONSTANT_CONVERSION = YES;
				CLANG_WARN_DEPRECATED_OBJC_IMPLEMENTATIONS = YES;
				CLANG_WARN_DIRECT_OBJC_ISA_USAGE = YES_ERROR;
				CLANG_WARN_DOCUMENTATION_COMMENTS = YES;
				CLANG_WARN_EMPTY_BODY = YES;
				CLANG_WARN_ENUM_CONVERSION = YES;
				CLANG_WARN_INFINITE_RECURSION = YES;
				CLANG_WARN_INT_CONVERSION = YES;
				CLANG_WARN_NON_LITERAL_NULL_CONVERSION = YES;
				CLANG_WARN_OBJC_IMPLICIT_RETAIN_SELF = YES;
				CLANG_WARN_OBJC_LITERAL_CONVERSION = YES;
				CLANG_WARN_OBJC_ROOT_CLASS = YES_ERROR;
				CLANG_WARN_RANGE_LOOP_ANALYSIS = YES;
				CLANG_WARN_STRICT_PROTOTYPES = YES;
				CLANG_WARN_SUSPICIOUS_MOVE = YES;
				CLANG_WARN_UNGUARDED_AVAILABILITY = YES_AGGRESSIVE;
				CLANG_WARN_UNREACHABLE_CODE = YES;
				CLANG_WARN__DUPLICATE_METHOD_MATCH = YES;
				COPY_PHASE_STRIP = NO;
				DEBUG_INFORMATION_FORMAT = "dwarf-with-dsym";
				ENABLE_NS_ASSERTIONS = NO;
				ENABLE_STRICT_OBJC_MSGSEND = YES;
				GCC_C_LANGUAGE_STANDARD = gnu11;
				GCC_NO_COMMON_BLOCKS = YES;
				GCC_WARN_64_TO_32_BIT_CONVERSION = YES;
				GCC_WARN_ABOUT_RETURN_TYPE = YES_ERROR;
				GCC_WARN_UNDECLARED_SELECTOR = YES;
				GCC_WARN_UNINITIALIZED_AUTOS = YES_AGGRESSIVE;
				GCC_WARN_UNUSED_FUNCTION = YES;
				GCC_WARN_UNUSED_VARIABLE = YES;
				IPHONEOS_DEPLOYMENT_TARGET = 13.2;
				MTL_ENABLE_DEBUG_INFO = NO;
				MTL_FAST_MATH = YES;
				SDKROOT = iphoneos;
				SWIFT_COMPILATION_MODE = wholemodule;
				SWIFT_OPTIMIZATION_LEVEL = "-O";
				VALIDATE_PRODUCT = YES;
			};
			name = Release;
		};
		2D8BEFD423CBDCB6007640F3 /* Debug */ = {
			isa = XCBuildConfiguration;
			buildSettings = {
				ASSETCATALOG_COMPILER_APPICON_NAME = AppIcon;
				CODE_SIGN_STYLE = Automatic;
				DEVELOPMENT_ASSET_PATHS = "\"NutritionTracker/Preview Content\"";
				DEVELOPMENT_TEAM = RAKQ2J4Q29;
				ENABLE_PREVIEWS = YES;
				INFOPLIST_FILE = NutritionTracker/Info.plist;
				LD_RUNPATH_SEARCH_PATHS = (
					"$(inherited)",
					"@executable_path/Frameworks",
				);
				PRODUCT_BUNDLE_IDENTIFIER = com.pbitutsky.NutritionTracker;
				PRODUCT_NAME = "$(TARGET_NAME)";
				SWIFT_VERSION = 5.0;
				TARGETED_DEVICE_FAMILY = "1,2";
			};
			name = Debug;
		};
		2D8BEFD523CBDCB6007640F3 /* Release */ = {
			isa = XCBuildConfiguration;
			buildSettings = {
				ASSETCATALOG_COMPILER_APPICON_NAME = AppIcon;
				CODE_SIGN_STYLE = Automatic;
				DEVELOPMENT_ASSET_PATHS = "\"NutritionTracker/Preview Content\"";
				DEVELOPMENT_TEAM = RAKQ2J4Q29;
				ENABLE_PREVIEWS = YES;
				INFOPLIST_FILE = NutritionTracker/Info.plist;
				LD_RUNPATH_SEARCH_PATHS = (
					"$(inherited)",
					"@executable_path/Frameworks",
				);
				PRODUCT_BUNDLE_IDENTIFIER = com.pbitutsky.NutritionTracker;
				PRODUCT_NAME = "$(TARGET_NAME)";
				SWIFT_VERSION = 5.0;
				TARGETED_DEVICE_FAMILY = "1,2";
			};
			name = Release;
		};
/* End XCBuildConfiguration section */

/* Begin XCConfigurationList section */
		2D8BEFBA23CBDCB4007640F3 /* Build configuration list for PBXProject "NutritionTracker" */ = {
			isa = XCConfigurationList;
			buildConfigurations = (
				2D8BEFD123CBDCB6007640F3 /* Debug */,
				2D8BEFD223CBDCB6007640F3 /* Release */,
			);
			defaultConfigurationIsVisible = 0;
			defaultConfigurationName = Release;
		};
		2D8BEFD323CBDCB6007640F3 /* Build configuration list for PBXNativeTarget "NutritionTracker" */ = {
			isa = XCConfigurationList;
			buildConfigurations = (
				2D8BEFD423CBDCB6007640F3 /* Debug */,
				2D8BEFD523CBDCB6007640F3 /* Release */,
			);
			defaultConfigurationIsVisible = 0;
			defaultConfigurationName = Release;
		};
/* End XCConfigurationList section */
	};
	rootObject = 2D8BEFB723CBDCB4007640F3 /* Project object */;
}
